
Microsoft Visual Studio Solution File, Format Version 12.00
# Visual Studio Version 16
VisualStudioVersion = 16.0.29806.167
MinimumVisualStudioVersion = 15.0.26124.0
Project("{9A19103F-16F7-4668-BE54-9A1E7A4F7556}") = "EventSourcingConsoleSample", "EventSourcingConsoleSample\EventSourcingConsoleSample.csproj", "{64D7F1BB-ACD6-4A35-B693-A75BBE975871}"
EndProject
Project("{9A19103F-16F7-4668-BE54-9A1E7A4F7556}") = "Abstractions", "..\src\Abstractions\Abstractions.csproj", "{60FDDC5C-AD83-4697-8B22-D58D11A59A2A}"
EndProject
Global
	GlobalSection(SolutionConfigurationPlatforms) = preSolution
		Debug|Any CPU = Debug|Any CPU
		Debug|x64 = Debug|x64
		Debug|x86 = Debug|x86
		Release|Any CPU = Release|Any CPU
		Release|x64 = Release|x64
		Release|x86 = Release|x86
	EndGlobalSection
	GlobalSection(ProjectConfigurationPlatforms) = postSolution
		{64D7F1BB-ACD6-4A35-B693-A75BBE975871}.Debug|Any CPU.ActiveCfg = Debug|Any CPU
		{64D7F1BB-ACD6-4A35-B693-A75BBE975871}.Debug|Any CPU.Build.0 = Debug|Any CPU
		{64D7F1BB-ACD6-4A35-B693-A75BBE975871}.Debug|x64.ActiveCfg = Debug|Any CPU
		{64D7F1BB-ACD6-4A35-B693-A75BBE975871}.Debug|x64.Build.0 = Debug|Any CPU
		{64D7F1BB-ACD6-4A35-B693-A75BBE975871}.Debug|x86.ActiveCfg = Debug|Any CPU
		{64D7F1BB-ACD6-4A35-B693-A75BBE975871}.Debug|x86.Build.0 = Debug|Any CPU
		{64D7F1BB-ACD6-4A35-B693-A75BBE975871}.Release|Any CPU.ActiveCfg = Release|Any CPU
		{64D7F1BB-ACD6-4A35-B693-A75BBE975871}.Release|Any CPU.Build.0 = Release|Any CPU
		{64D7F1BB-ACD6-4A35-B693-A75BBE975871}.Release|x64.ActiveCfg = Release|Any CPU
		{64D7F1BB-ACD6-4A35-B693-A75BBE975871}.Release|x64.Build.0 = Release|Any CPU
		{64D7F1BB-ACD6-4A35-B693-A75BBE975871}.Release|x86.ActiveCfg = Release|Any CPU
		{64D7F1BB-ACD6-4A35-B693-A75BBE975871}.Release|x86.Build.0 = Release|Any CPU
		{60FDDC5C-AD83-4697-8B22-D58D11A59A2A}.Debug|Any CPU.ActiveCfg = Debug|Any CPU
		{60FDDC5C-AD83-4697-8B22-D58D11A59A2A}.Debug|Any CPU.Build.0 = Debug|Any CPU
		{60FDDC5C-AD83-4697-8B22-D58D11A59A2A}.Debug|x64.ActiveCfg = Debug|Any CPU
		{60FDDC5C-AD83-4697-8B22-D58D11A59A2A}.Debug|x64.Build.0 = Debug|Any CPU
		{60FDDC5C-AD83-4697-8B22-D58D11A59A2A}.Debug|x86.ActiveCfg = Debug|Any CPU
		{60FDDC5C-AD83-4697-8B22-D58D11A59A2A}.Debug|x86.Build.0 = Debug|Any CPU
		{60FDDC5C-AD83-4697-8B22-D58D11A59A2A}.Release|Any CPU.ActiveCfg = Release|Any CPU
		{60FDDC5C-AD83-4697-8B22-D58D11A59A2A}.Release|Any CPU.Build.0 = Release|Any CPU
		{60FDDC5C-AD83-4697-8B22-D58D11A59A2A}.Release|x64.ActiveCfg = Release|Any CPU
		{60FDDC5C-AD83-4697-8B22-D58D11A59A2A}.Release|x64.Build.0 = Release|Any CPU
		{60FDDC5C-AD83-4697-8B22-D58D11A59A2A}.Release|x86.ActiveCfg = Release|Any CPU
		{60FDDC5C-AD83-4697-8B22-D58D11A59A2A}.Release|x86.Build.0 = Release|Any CPU
	EndGlobalSection
	GlobalSection(SolutionProperties) = preSolution
		HideSolutionNode = FALSE
	EndGlobalSection
	GlobalSection(ExtensibilityGlobals) = postSolution
		SolutionGuid = {F2834860-7A98-4066-933D-9937B8D38304}
	EndGlobalSection
EndGlobal
